
Microsoft Visual Studio Solution File, Format Version 12.00
# Visual Studio Version 17
VisualStudioVersion = 17.9.34728.123
MinimumVisualStudioVersion = 10.0.40219.1
Project("{FAE04EC0-301F-11D3-BF4B-00C04F79EFBC}") = "PlataformaCursos", "PlataformaCursos.csproj", "{90B42B8C-A3A5-4D47-8215-6B66DD9C1231}"
EndProject
Global
	GlobalSection(SolutionConfigurationPlatforms) = preSolution
		Debug|Any CPU = Debug|Any CPU
		Release|Any CPU = Release|Any CPU
	EndGlobalSection
	GlobalSection(ProjectConfigurationPlatforms) = postSolution
		{90B42B8C-A3A5-4D47-8215-6B66DD9C1231}.Debug|Any CPU.ActiveCfg = Debug|Any CPU
		{90B42B8C-A3A5-4D47-8215-6B66DD9C1231}.Debug|Any CPU.Build.0 = Debug|Any CPU
		{90B42B8C-A3A5-4D47-8215-6B66DD9C1231}.Release|Any CPU.ActiveCfg = Release|Any CPU
		{90B42B8C-A3A5-4D47-8215-6B66DD9C1231}.Release|Any CPU.Build.0 = Release|Any CPU
	EndGlobalSection
	GlobalSection(SolutionProperties) = preSolution
		HideSolutionNode = FALSE
	EndGlobalSection
	GlobalSection(ExtensibilityGlobals) = postSolution
		SolutionGuid = {8F850BCE-B501-4630-8242-BFA3A85A8520}
	EndGlobalSection
EndGlobal
